// !$*UTF8*$!
{
	archiveVersion = 1;
	classes = {
	};
	objectVersion = 55;
	objects = {

/* Begin PBXBuildFile section */
		C9B4ECFB28394E15007DFAA9 /* MediocreMinisterApp.swift in Sources */ = {isa = PBXBuildFile; fileRef = C9B4ECFA28394E15007DFAA9 /* MediocreMinisterApp.swift */; };
		C9B4ECFD28394E15007DFAA9 /* MonthView.swift in Sources */ = {isa = PBXBuildFile; fileRef = C9B4ECFC28394E15007DFAA9 /* MonthView.swift */; };
		C9B4ECFF28394E16007DFAA9 /* Assets.xcassets in Resources */ = {isa = PBXBuildFile; fileRef = C9B4ECFE28394E16007DFAA9 /* Assets.xcassets */; };
		C9B4ED0228394E16007DFAA9 /* Preview Assets.xcassets in Resources */ = {isa = PBXBuildFile; fileRef = C9B4ED0128394E16007DFAA9 /* Preview Assets.xcassets */; };
		C9B4ED0C28394E16007DFAA9 /* MediocreMinisterTests.swift in Sources */ = {isa = PBXBuildFile; fileRef = C9B4ED0B28394E16007DFAA9 /* MediocreMinisterTests.swift */; };
		C9B4ED1628394E16007DFAA9 /* MediocreMinisterUITests.swift in Sources */ = {isa = PBXBuildFile; fileRef = C9B4ED1528394E16007DFAA9 /* MediocreMinisterUITests.swift */; };
		C9B4ED1828394E16007DFAA9 /* MediocreMinisterUITestsLaunchTests.swift in Sources */ = {isa = PBXBuildFile; fileRef = C9B4ED1728394E16007DFAA9 /* MediocreMinisterUITestsLaunchTests.swift */; };
		C9B4ED25283956FC007DFAA9 /* SettingsView.swift in Sources */ = {isa = PBXBuildFile; fileRef = C9B4ED24283956FC007DFAA9 /* SettingsView.swift */; };
		C9B4ED2728395739007DFAA9 /* ProfileView.swift in Sources */ = {isa = PBXBuildFile; fileRef = C9B4ED2628395739007DFAA9 /* ProfileView.swift */; };
		C9B4ED2928395752007DFAA9 /* ReportSettingsView.swift in Sources */ = {isa = PBXBuildFile; fileRef = C9B4ED2828395752007DFAA9 /* ReportSettingsView.swift */; };
		C9B4ED2B28395763007DFAA9 /* TimeSettingsView.swift in Sources */ = {isa = PBXBuildFile; fileRef = C9B4ED2A28395763007DFAA9 /* TimeSettingsView.swift */; };
		C9B4ED2D28395775007DFAA9 /* ImportView.swift in Sources */ = {isa = PBXBuildFile; fileRef = C9B4ED2C28395775007DFAA9 /* ImportView.swift */; };
		C9B4ED2F28395787007DFAA9 /* ExportView.swift in Sources */ = {isa = PBXBuildFile; fileRef = C9B4ED2E28395787007DFAA9 /* ExportView.swift */; };
		C9B4ED3128395796007DFAA9 /* ReportSummaryView.swift in Sources */ = {isa = PBXBuildFile; fileRef = C9B4ED3028395796007DFAA9 /* ReportSummaryView.swift */; };
/* End PBXBuildFile section */

/* Begin PBXContainerItemProxy section */
		C9B4ED0828394E16007DFAA9 /* PBXContainerItemProxy */ = {
			isa = PBXContainerItemProxy;
			containerPortal = C9B4ECEF28394E15007DFAA9 /* Project object */;
			proxyType = 1;
			remoteGlobalIDString = C9B4ECF628394E15007DFAA9;
			remoteInfo = MediocreMinister;
		};
		C9B4ED1228394E16007DFAA9 /* PBXContainerItemProxy */ = {
			isa = PBXContainerItemProxy;
			containerPortal = C9B4ECEF28394E15007DFAA9 /* Project object */;
			proxyType = 1;
			remoteGlobalIDString = C9B4ECF628394E15007DFAA9;
			remoteInfo = MediocreMinister;
		};
/* End PBXContainerItemProxy section */

/* Begin PBXFileReference section */
		C9B4ECF728394E15007DFAA9 /* MediocreMinister.app */ = {isa = PBXFileReference; explicitFileType = wrapper.application; includeInIndex = 0; path = MediocreMinister.app; sourceTree = BUILT_PRODUCTS_DIR; };
		C9B4ECFA28394E15007DFAA9 /* MediocreMinisterApp.swift */ = {isa = PBXFileReference; lastKnownFileType = sourcecode.swift; path = MediocreMinisterApp.swift; sourceTree = "<group>"; };
		C9B4ECFC28394E15007DFAA9 /* MonthView.swift */ = {isa = PBXFileReference; lastKnownFileType = sourcecode.swift; path = MonthView.swift; sourceTree = "<group>"; };
		C9B4ECFE28394E16007DFAA9 /* Assets.xcassets */ = {isa = PBXFileReference; lastKnownFileType = folder.assetcatalog; path = Assets.xcassets; sourceTree = "<group>"; };
		C9B4ED0128394E16007DFAA9 /* Preview Assets.xcassets */ = {isa = PBXFileReference; lastKnownFileType = folder.assetcatalog; path = "Preview Assets.xcassets"; sourceTree = "<group>"; };
		C9B4ED0728394E16007DFAA9 /* MediocreMinisterTests.xctest */ = {isa = PBXFileReference; explicitFileType = wrapper.cfbundle; includeInIndex = 0; path = MediocreMinisterTests.xctest; sourceTree = BUILT_PRODUCTS_DIR; };
		C9B4ED0B28394E16007DFAA9 /* MediocreMinisterTests.swift */ = {isa = PBXFileReference; lastKnownFileType = sourcecode.swift; path = MediocreMinisterTests.swift; sourceTree = "<group>"; };
		C9B4ED1128394E16007DFAA9 /* MediocreMinisterUITests.xctest */ = {isa = PBXFileReference; explicitFileType = wrapper.cfbundle; includeInIndex = 0; path = MediocreMinisterUITests.xctest; sourceTree = BUILT_PRODUCTS_DIR; };
		C9B4ED1528394E16007DFAA9 /* MediocreMinisterUITests.swift */ = {isa = PBXFileReference; lastKnownFileType = sourcecode.swift; path = MediocreMinisterUITests.swift; sourceTree = "<group>"; };
		C9B4ED1728394E16007DFAA9 /* MediocreMinisterUITestsLaunchTests.swift */ = {isa = PBXFileReference; lastKnownFileType = sourcecode.swift; path = MediocreMinisterUITestsLaunchTests.swift; sourceTree = "<group>"; };
		C9B4ED24283956FC007DFAA9 /* SettingsView.swift */ = {isa = PBXFileReference; lastKnownFileType = sourcecode.swift; path = SettingsView.swift; sourceTree = "<group>"; };
		C9B4ED2628395739007DFAA9 /* ProfileView.swift */ = {isa = PBXFileReference; lastKnownFileType = sourcecode.swift; path = ProfileView.swift; sourceTree = "<group>"; };
		C9B4ED2828395752007DFAA9 /* ReportSettingsView.swift */ = {isa = PBXFileReference; lastKnownFileType = sourcecode.swift; path = ReportSettingsView.swift; sourceTree = "<group>"; };
		C9B4ED2A28395763007DFAA9 /* TimeSettingsView.swift */ = {isa = PBXFileReference; lastKnownFileType = sourcecode.swift; path = TimeSettingsView.swift; sourceTree = "<group>"; };
		C9B4ED2C28395775007DFAA9 /* ImportView.swift */ = {isa = PBXFileReference; lastKnownFileType = sourcecode.swift; path = ImportView.swift; sourceTree = "<group>"; };
		C9B4ED2E28395787007DFAA9 /* ExportView.swift */ = {isa = PBXFileReference; lastKnownFileType = sourcecode.swift; path = ExportView.swift; sourceTree = "<group>"; };
		C9B4ED3028395796007DFAA9 /* ReportSummaryView.swift */ = {isa = PBXFileReference; lastKnownFileType = sourcecode.swift; path = ReportSummaryView.swift; sourceTree = "<group>"; };
/* End PBXFileReference section */

/* Begin PBXFrameworksBuildPhase section */
		C9B4ECF428394E15007DFAA9 /* Frameworks */ = {
			isa = PBXFrameworksBuildPhase;
			buildActionMask = 2147483647;
			files = (
			);
			runOnlyForDeploymentPostprocessing = 0;
		};
		C9B4ED0428394E16007DFAA9 /* Frameworks */ = {
			isa = PBXFrameworksBuildPhase;
			buildActionMask = 2147483647;
			files = (
			);
			runOnlyForDeploymentPostprocessing = 0;
		};
		C9B4ED0E28394E16007DFAA9 /* Frameworks */ = {
			isa = PBXFrameworksBuildPhase;
			buildActionMask = 2147483647;
			files = (
			);
			runOnlyForDeploymentPostprocessing = 0;
		};
/* End PBXFrameworksBuildPhase section */

/* Begin PBXGroup section */
		C9B4ECEE28394E15007DFAA9 = {
			isa = PBXGroup;
			children = (
				C9B4ECF928394E15007DFAA9 /* MediocreMinister */,
				C9B4ED0A28394E16007DFAA9 /* MediocreMinisterTests */,
				C9B4ED1428394E16007DFAA9 /* MediocreMinisterUITests */,
				C9B4ECF828394E15007DFAA9 /* Products */,
			);
			sourceTree = "<group>";
		};
		C9B4ECF828394E15007DFAA9 /* Products */ = {
			isa = PBXGroup;
			children = (
				C9B4ECF728394E15007DFAA9 /* MediocreMinister.app */,
				C9B4ED0728394E16007DFAA9 /* MediocreMinisterTests.xctest */,
				C9B4ED1128394E16007DFAA9 /* MediocreMinisterUITests.xctest */,
			);
			name = Products;
			sourceTree = "<group>";
		};
		C9B4ECF928394E15007DFAA9 /* MediocreMinister */ = {
			isa = PBXGroup;
			children = (
				C9B4ECFA28394E15007DFAA9 /* MediocreMinisterApp.swift */,
				C9B4ECFC28394E15007DFAA9 /* MonthView.swift */,
				C9B4ED24283956FC007DFAA9 /* SettingsView.swift */,
				C9B4ED2628395739007DFAA9 /* ProfileView.swift */,
				C9B4ED2828395752007DFAA9 /* ReportSettingsView.swift */,
				C9B4ED2A28395763007DFAA9 /* TimeSettingsView.swift */,
				C9B4ED2C28395775007DFAA9 /* ImportView.swift */,
				C9B4ED2E28395787007DFAA9 /* ExportView.swift */,
				C9B4ED3028395796007DFAA9 /* ReportSummaryView.swift */,
				C9B4ECFE28394E16007DFAA9 /* Assets.xcassets */,
				C9B4ED0028394E16007DFAA9 /* Preview Content */,
			);
			path = MediocreMinister;
			sourceTree = "<group>";
		};
		C9B4ED0028394E16007DFAA9 /* Preview Content */ = {
			isa = PBXGroup;
			children = (
				C9B4ED0128394E16007DFAA9 /* Preview Assets.xcassets */,
			);
			path = "Preview Content";
			sourceTree = "<group>";
		};
		C9B4ED0A28394E16007DFAA9 /* MediocreMinisterTests */ = {
			isa = PBXGroup;
			children = (
				C9B4ED0B28394E16007DFAA9 /* MediocreMinisterTests.swift */,
			);
			path = MediocreMinisterTests;
			sourceTree = "<group>";
		};
		C9B4ED1428394E16007DFAA9 /* MediocreMinisterUITests */ = {
			isa = PBXGroup;
			children = (
				C9B4ED1528394E16007DFAA9 /* MediocreMinisterUITests.swift */,
				C9B4ED1728394E16007DFAA9 /* MediocreMinisterUITestsLaunchTests.swift */,
			);
			path = MediocreMinisterUITests;
			sourceTree = "<group>";
		};
/* End PBXGroup section */

/* Begin PBXNativeTarget section */
		C9B4ECF628394E15007DFAA9 /* MediocreMinister */ = {
			isa = PBXNativeTarget;
			buildConfigurationList = C9B4ED1B28394E16007DFAA9 /* Build configuration list for PBXNativeTarget "MediocreMinister" */;
			buildPhases = (
				C9B4ECF328394E15007DFAA9 /* Sources */,
				C9B4ECF428394E15007DFAA9 /* Frameworks */,
				C9B4ECF528394E15007DFAA9 /* Resources */,
			);
			buildRules = (
			);
			dependencies = (
			);
			name = MediocreMinister;
			productName = MediocreMinister;
			productReference = C9B4ECF728394E15007DFAA9 /* MediocreMinister.app */;
			productType = "com.apple.product-type.application";
		};
		C9B4ED0628394E16007DFAA9 /* MediocreMinisterTests */ = {
			isa = PBXNativeTarget;
			buildConfigurationList = C9B4ED1E28394E16007DFAA9 /* Build configuration list for PBXNativeTarget "MediocreMinisterTests" */;
			buildPhases = (
				C9B4ED0328394E16007DFAA9 /* Sources */,
				C9B4ED0428394E16007DFAA9 /* Frameworks */,
				C9B4ED0528394E16007DFAA9 /* Resources */,
			);
			buildRules = (
			);
			dependencies = (
				C9B4ED0928394E16007DFAA9 /* PBXTargetDependency */,
			);
			name = MediocreMinisterTests;
			productName = MediocreMinisterTests;
			productReference = C9B4ED0728394E16007DFAA9 /* MediocreMinisterTests.xctest */;
			productType = "com.apple.product-type.bundle.unit-test";
		};
		C9B4ED1028394E16007DFAA9 /* MediocreMinisterUITests */ = {
			isa = PBXNativeTarget;
			buildConfigurationList = C9B4ED2128394E16007DFAA9 /* Build configuration list for PBXNativeTarget "MediocreMinisterUITests" */;
			buildPhases = (
				C9B4ED0D28394E16007DFAA9 /* Sources */,
				C9B4ED0E28394E16007DFAA9 /* Frameworks */,
				C9B4ED0F28394E16007DFAA9 /* Resources */,
			);
			buildRules = (
			);
			dependencies = (
				C9B4ED1328394E16007DFAA9 /* PBXTargetDependency */,
			);
			name = MediocreMinisterUITests;
			productName = MediocreMinisterUITests;
			productReference = C9B4ED1128394E16007DFAA9 /* MediocreMinisterUITests.xctest */;
			productType = "com.apple.product-type.bundle.ui-testing";
		};
/* End PBXNativeTarget section */

/* Begin PBXProject section */
		C9B4ECEF28394E15007DFAA9 /* Project object */ = {
			isa = PBXProject;
			attributes = {
				BuildIndependentTargetsInParallel = 1;
				LastSwiftUpdateCheck = 1340;
				LastUpgradeCheck = 1340;
				TargetAttributes = {
					C9B4ECF628394E15007DFAA9 = {
						CreatedOnToolsVersion = 13.4;
					};
					C9B4ED0628394E16007DFAA9 = {
						CreatedOnToolsVersion = 13.4;
						TestTargetID = C9B4ECF628394E15007DFAA9;
					};
					C9B4ED1028394E16007DFAA9 = {
						CreatedOnToolsVersion = 13.4;
						TestTargetID = C9B4ECF628394E15007DFAA9;
					};
				};
			};
			buildConfigurationList = C9B4ECF228394E15007DFAA9 /* Build configuration list for PBXProject "MediocreMinister" */;
			compatibilityVersion = "Xcode 13.0";
			developmentRegion = en;
			hasScannedForEncodings = 0;
			knownRegions = (
				en,
				Base,
			);
			mainGroup = C9B4ECEE28394E15007DFAA9;
			productRefGroup = C9B4ECF828394E15007DFAA9 /* Products */;
			projectDirPath = "";
			projectRoot = "";
			targets = (
				C9B4ECF628394E15007DFAA9 /* MediocreMinister */,
				C9B4ED0628394E16007DFAA9 /* MediocreMinisterTests */,
				C9B4ED1028394E16007DFAA9 /* MediocreMinisterUITests */,
			);
		};
/* End PBXProject section */

/* Begin PBXResourcesBuildPhase section */
		C9B4ECF528394E15007DFAA9 /* Resources */ = {
			isa = PBXResourcesBuildPhase;
			buildActionMask = 2147483647;
			files = (
				C9B4ED0228394E16007DFAA9 /* Preview Assets.xcassets in Resources */,
				C9B4ECFF28394E16007DFAA9 /* Assets.xcassets in Resources */,
			);
			runOnlyForDeploymentPostprocessing = 0;
		};
		C9B4ED0528394E16007DFAA9 /* Resources */ = {
			isa = PBXResourcesBuildPhase;
			buildActionMask = 2147483647;
			files = (
			);
			runOnlyForDeploymentPostprocessing = 0;
		};
		C9B4ED0F28394E16007DFAA9 /* Resources */ = {
			isa = PBXResourcesBuildPhase;
			buildActionMask = 2147483647;
			files = (
			);
			runOnlyForDeploymentPostprocessing = 0;
		};
/* End PBXResourcesBuildPhase section */

/* Begin PBXSourcesBuildPhase section */
		C9B4ECF328394E15007DFAA9 /* Sources */ = {
			isa = PBXSourcesBuildPhase;
			buildActionMask = 2147483647;
			files = (
				C9B4ED2F28395787007DFAA9 /* ExportView.swift in Sources */,
				C9B4ED2D28395775007DFAA9 /* ImportView.swift in Sources */,
				C9B4ED3128395796007DFAA9 /* ReportSummaryView.swift in Sources */,
				C9B4ED2728395739007DFAA9 /* ProfileView.swift in Sources */,
				C9B4ED25283956FC007DFAA9 /* SettingsView.swift in Sources */,
				C9B4ED2928395752007DFAA9 /* ReportSettingsView.swift in Sources */,
				C9B4ECFD28394E15007DFAA9 /* MonthView.swift in Sources */,
				C9B4ED2B28395763007DFAA9 /* TimeSettingsView.swift in Sources */,
				C9B4ECFB28394E15007DFAA9 /* MediocreMinisterApp.swift in Sources */,
			);
			runOnlyForDeploymentPostprocessing = 0;
		};
		C9B4ED0328394E16007DFAA9 /* Sources */ = {
			isa = PBXSourcesBuildPhase;
			buildActionMask = 2147483647;
			files = (
				C9B4ED0C28394E16007DFAA9 /* MediocreMinisterTests.swift in Sources */,
			);
			runOnlyForDeploymentPostprocessing = 0;
		};
		C9B4ED0D28394E16007DFAA9 /* Sources */ = {
			isa = PBXSourcesBuildPhase;
			buildActionMask = 2147483647;
			files = (
				C9B4ED1628394E16007DFAA9 /* MediocreMinisterUITests.swift in Sources */,
				C9B4ED1828394E16007DFAA9 /* MediocreMinisterUITestsLaunchTests.swift in Sources */,
			);
			runOnlyForDeploymentPostprocessing = 0;
		};
/* End PBXSourcesBuildPhase section */

/* Begin PBXTargetDependency section */
		C9B4ED0928394E16007DFAA9 /* PBXTargetDependency */ = {
			isa = PBXTargetDependency;
			target = C9B4ECF628394E15007DFAA9 /* MediocreMinister */;
			targetProxy = C9B4ED0828394E16007DFAA9 /* PBXContainerItemProxy */;
		};
		C9B4ED1328394E16007DFAA9 /* PBXTargetDependency */ = {
			isa = PBXTargetDependency;
			target = C9B4ECF628394E15007DFAA9 /* MediocreMinister */;
			targetProxy = C9B4ED1228394E16007DFAA9 /* PBXContainerItemProxy */;
		};
/* End PBXTargetDependency section */

/* Begin XCBuildConfiguration section */
		C9B4ED1928394E16007DFAA9 /* Debug */ = {
			isa = XCBuildConfiguration;
			buildSettings = {
				ALWAYS_SEARCH_USER_PATHS = NO;
				CLANG_ANALYZER_NONNULL = YES;
				CLANG_ANALYZER_NUMBER_OBJECT_CONVERSION = YES_AGGRESSIVE;
				CLANG_CXX_LANGUAGE_STANDARD = "gnu++17";
				CLANG_ENABLE_MODULES = YES;
				CLANG_ENABLE_OBJC_ARC = YES;
				CLANG_ENABLE_OBJC_WEAK = YES;
				CLANG_WARN_BLOCK_CAPTURE_AUTORELEASING = YES;
				CLANG_WARN_BOOL_CONVERSION = YES;
				CLANG_WARN_COMMA = YES;
				CLANG_WARN_CONSTANT_CONVERSION = YES;
				CLANG_WARN_DEPRECATED_OBJC_IMPLEMENTATIONS = YES;
				CLANG_WARN_DIRECT_OBJC_ISA_USAGE = YES_ERROR;
				CLANG_WARN_DOCUMENTATION_COMMENTS = YES;
				CLANG_WARN_EMPTY_BODY = YES;
				CLANG_WARN_ENUM_CONVERSION = YES;
				CLANG_WARN_INFINITE_RECURSION = YES;
				CLANG_WARN_INT_CONVERSION = YES;
				CLANG_WARN_NON_LITERAL_NULL_CONVERSION = YES;
				CLANG_WARN_OBJC_IMPLICIT_RETAIN_SELF = YES;
				CLANG_WARN_OBJC_LITERAL_CONVERSION = YES;
				CLANG_WARN_OBJC_ROOT_CLASS = YES_ERROR;
				CLANG_WARN_QUOTED_INCLUDE_IN_FRAMEWORK_HEADER = YES;
				CLANG_WARN_RANGE_LOOP_ANALYSIS = YES;
				CLANG_WARN_STRICT_PROTOTYPES = YES;
				CLANG_WARN_SUSPICIOUS_MOVE = YES;
				CLANG_WARN_UNGUARDED_AVAILABILITY = YES_AGGRESSIVE;
				CLANG_WARN_UNREACHABLE_CODE = YES;
				CLANG_WARN__DUPLICATE_METHOD_MATCH = YES;
				COPY_PHASE_STRIP = NO;
				DEBUG_INFORMATION_FORMAT = dwarf;
				ENABLE_STRICT_OBJC_MSGSEND = YES;
				ENABLE_TESTABILITY = YES;
				GCC_C_LANGUAGE_STANDARD = gnu11;
				GCC_DYNAMIC_NO_PIC = NO;
				GCC_NO_COMMON_BLOCKS = YES;
				GCC_OPTIMIZATION_LEVEL = 0;
				GCC_PREPROCESSOR_DEFINITIONS = (
					"DEBUG=1",
					"$(inherited)",
				);
				GCC_WARN_64_TO_32_BIT_CONVERSION = YES;
				GCC_WARN_ABOUT_RETURN_TYPE = YES_ERROR;
				GCC_WARN_UNDECLARED_SELECTOR = YES;
				GCC_WARN_UNINITIALIZED_AUTOS = YES_AGGRESSIVE;
				GCC_WARN_UNUSED_FUNCTION = YES;
				GCC_WARN_UNUSED_VARIABLE = YES;
				IPHONEOS_DEPLOYMENT_TARGET = 15.5;
				MTL_ENABLE_DEBUG_INFO = INCLUDE_SOURCE;
				MTL_FAST_MATH = YES;
				ONLY_ACTIVE_ARCH = YES;
				SDKROOT = iphoneos;
				SWIFT_ACTIVE_COMPILATION_CONDITIONS = DEBUG;
				SWIFT_OPTIMIZATION_LEVEL = "-Onone";
			};
			name = Debug;
		};
		C9B4ED1A28394E16007DFAA9 /* Release */ = {
			isa = XCBuildConfiguration;
			buildSettings = {
				ALWAYS_SEARCH_USER_PATHS = NO;
				CLANG_ANALYZER_NONNULL = YES;
				CLANG_ANALYZER_NUMBER_OBJECT_CONVERSION = YES_AGGRESSIVE;
				CLANG_CXX_LANGUAGE_STANDARD = "gnu++17";
				CLANG_ENABLE_MODULES = YES;
				CLANG_ENABLE_OBJC_ARC = YES;
				CLANG_ENABLE_OBJC_WEAK = YES;
				CLANG_WARN_BLOCK_CAPTURE_AUTORELEASING = YES;
				CLANG_WARN_BOOL_CONVERSION = YES;
				CLANG_WARN_COMMA = YES;
				CLANG_WARN_CONSTANT_CONVERSION = YES;
				CLANG_WARN_DEPRECATED_OBJC_IMPLEMENTATIONS = YES;
				CLANG_WARN_DIRECT_OBJC_ISA_USAGE = YES_ERROR;
				CLANG_WARN_DOCUMENTATION_COMMENTS = YES;
				CLANG_WARN_EMPTY_BODY = YES;
				CLANG_WARN_ENUM_CONVERSION = YES;
				CLANG_WARN_INFINITE_RECURSION = YES;
				CLANG_WARN_INT_CONVERSION = YES;
				CLANG_WARN_NON_LITERAL_NULL_CONVERSION = YES;
				CLANG_WARN_OBJC_IMPLICIT_RETAIN_SELF = YES;
				CLANG_WARN_OBJC_LITERAL_CONVERSION = YES;
				CLANG_WARN_OBJC_ROOT_CLASS = YES_ERROR;
				CLANG_WARN_QUOTED_INCLUDE_IN_FRAMEWORK_HEADER = YES;
				CLANG_WARN_RANGE_LOOP_ANALYSIS = YES;
				CLANG_WARN_STRICT_PROTOTYPES = YES;
				CLANG_WARN_SUSPICIOUS_MOVE = YES;
				CLANG_WARN_UNGUARDED_AVAILABILITY = YES_AGGRESSIVE;
				CLANG_WARN_UNREACHABLE_CODE = YES;
				CLANG_WARN__DUPLICATE_METHOD_MATCH = YES;
				COPY_PHASE_STRIP = NO;
				DEBUG_INFORMATION_FORMAT = "dwarf-with-dsym";
				ENABLE_NS_ASSERTIONS = NO;
				ENABLE_STRICT_OBJC_MSGSEND = YES;
				GCC_C_LANGUAGE_STANDARD = gnu11;
				GCC_NO_COMMON_BLOCKS = YES;
				GCC_WARN_64_TO_32_BIT_CONVERSION = YES;
				GCC_WARN_ABOUT_RETURN_TYPE = YES_ERROR;
				GCC_WARN_UNDECLARED_SELECTOR = YES;
				GCC_WARN_UNINITIALIZED_AUTOS = YES_AGGRESSIVE;
				GCC_WARN_UNUSED_FUNCTION = YES;
				GCC_WARN_UNUSED_VARIABLE = YES;
				IPHONEOS_DEPLOYMENT_TARGET = 15.5;
				MTL_ENABLE_DEBUG_INFO = NO;
				MTL_FAST_MATH = YES;
				SDKROOT = iphoneos;
				SWIFT_COMPILATION_MODE = wholemodule;
				SWIFT_OPTIMIZATION_LEVEL = "-O";
				VALIDATE_PRODUCT = YES;
			};
			name = Release;
		};
		C9B4ED1C28394E16007DFAA9 /* Debug */ = {
			isa = XCBuildConfiguration;
			buildSettings = {
				ASSETCATALOG_COMPILER_APPICON_NAME = AppIcon;
				ASSETCATALOG_COMPILER_GLOBAL_ACCENT_COLOR_NAME = AccentColor;
				CODE_SIGN_STYLE = Automatic;
				CURRENT_PROJECT_VERSION = 1;
				DEVELOPMENT_ASSET_PATHS = "\"MediocreMinister/Preview Content\"";
				DEVELOPMENT_TEAM = 7DR3W2SNZ3;
				ENABLE_PREVIEWS = YES;
				GENERATE_INFOPLIST_FILE = YES;
				INFOPLIST_KEY_UIApplicationSceneManifest_Generation = YES;
				INFOPLIST_KEY_UIApplicationSupportsIndirectInputEvents = YES;
				INFOPLIST_KEY_UILaunchScreen_Generation = YES;
				INFOPLIST_KEY_UISupportedInterfaceOrientations_iPad = "UIInterfaceOrientationPortrait UIInterfaceOrientationPortraitUpsideDown UIInterfaceOrientationLandscapeLeft UIInterfaceOrientationLandscapeRight";
				INFOPLIST_KEY_UISupportedInterfaceOrientations_iPhone = "UIInterfaceOrientationPortrait UIInterfaceOrientationLandscapeLeft UIInterfaceOrientationLandscapeRight";
				LD_RUNPATH_SEARCH_PATHS = (
					"$(inherited)",
					"@executable_path/Frameworks",
				);
				MARKETING_VERSION = 1.0;
				PRODUCT_BUNDLE_IDENTIFIER = com.sledge.MediocreMinister;
				PRODUCT_NAME = "$(TARGET_NAME)";
				SWIFT_EMIT_LOC_STRINGS = YES;
				SWIFT_VERSION = 5.0;
				TARGETED_DEVICE_FAMILY = "1,2";
			};
			name = Debug;
		};
		C9B4ED1D28394E16007DFAA9 /* Release */ = {
			isa = XCBuildConfiguration;
			buildSettings = {
				ASSETCATALOG_COMPILER_APPICON_NAME = AppIcon;
				ASSETCATALOG_COMPILER_GLOBAL_ACCENT_COLOR_NAME = AccentColor;
				CODE_SIGN_STYLE = Automatic;
				CURRENT_PROJECT_VERSION = 1;
				DEVELOPMENT_ASSET_PATHS = "\"MediocreMinister/Preview Content\"";
				DEVELOPMENT_TEAM = 7DR3W2SNZ3;
				ENABLE_PREVIEWS = YES;
				GENERATE_INFOPLIST_FILE = YES;
				INFOPLIST_KEY_UIApplicationSceneManifest_Generation = YES;
				INFOPLIST_KEY_UIApplicationSupportsIndirectInputEvents = YES;
				INFOPLIST_KEY_UILaunchScreen_Generation = YES;
				INFOPLIST_KEY_UISupportedInterfaceOrientations_iPad = "UIInterfaceOrientationPortrait UIInterfaceOrientationPortraitUpsideDown UIInterfaceOrientationLandscapeLeft UIInterfaceOrientationLandscapeRight";
				INFOPLIST_KEY_UISupportedInterfaceOrientations_iPhone = "UIInterfaceOrientationPortrait UIInterfaceOrientationLandscapeLeft UIInterfaceOrientationLandscapeRight";
				LD_RUNPATH_SEARCH_PATHS = (
					"$(inherited)",
					"@executable_path/Frameworks",
				);
				MARKETING_VERSION = 1.0;
				PRODUCT_BUNDLE_IDENTIFIER = com.sledge.MediocreMinister;
				PRODUCT_NAME = "$(TARGET_NAME)";
				SWIFT_EMIT_LOC_STRINGS = YES;
				SWIFT_VERSION = 5.0;
				TARGETED_DEVICE_FAMILY = "1,2";
			};
			name = Release;
		};
		C9B4ED1F28394E16007DFAA9 /* Debug */ = {
			isa = XCBuildConfiguration;
			buildSettings = {
				ALWAYS_EMBED_SWIFT_STANDARD_LIBRARIES = YES;
				BUNDLE_LOADER = "$(TEST_HOST)";
				CODE_SIGN_STYLE = Automatic;
				CURRENT_PROJECT_VERSION = 1;
				DEVELOPMENT_TEAM = 7DR3W2SNZ3;
				GENERATE_INFOPLIST_FILE = YES;
				IPHONEOS_DEPLOYMENT_TARGET = 15.5;
				MARKETING_VERSION = 1.0;
				PRODUCT_BUNDLE_IDENTIFIER = com.sledge.MediocreMinisterTests;
				PRODUCT_NAME = "$(TARGET_NAME)";
				SWIFT_EMIT_LOC_STRINGS = NO;
				SWIFT_VERSION = 5.0;
				TARGETED_DEVICE_FAMILY = "1,2";
				TEST_HOST = "$(BUILT_PRODUCTS_DIR)/MediocreMinister.app/MediocreMinister";
			};
			name = Debug;
		};
		C9B4ED2028394E16007DFAA9 /* Release */ = {
			isa = XCBuildConfiguration;
			buildSettings = {
				ALWAYS_EMBED_SWIFT_STANDARD_LIBRARIES = YES;
				BUNDLE_LOADER = "$(TEST_HOST)";
				CODE_SIGN_STYLE = Automatic;
				CURRENT_PROJECT_VERSION = 1;
				DEVELOPMENT_TEAM = 7DR3W2SNZ3;
				GENERATE_INFOPLIST_FILE = YES;
				IPHONEOS_DEPLOYMENT_TARGET = 15.5;
				MARKETING_VERSION = 1.0;
				PRODUCT_BUNDLE_IDENTIFIER = com.sledge.MediocreMinisterTests;
				PRODUCT_NAME = "$(TARGET_NAME)";
				SWIFT_EMIT_LOC_STRINGS = NO;
				SWIFT_VERSION = 5.0;
				TARGETED_DEVICE_FAMILY = "1,2";
				TEST_HOST = "$(BUILT_PRODUCTS_DIR)/MediocreMinister.app/MediocreMinister";
			};
			name = Release;
		};
		C9B4ED2228394E16007DFAA9 /* Debug */ = {
			isa = XCBuildConfiguration;
			buildSettings = {
				ALWAYS_EMBED_SWIFT_STANDARD_LIBRARIES = YES;
				CODE_SIGN_STYLE = Automatic;
				CURRENT_PROJECT_VERSION = 1;
				DEVELOPMENT_TEAM = 7DR3W2SNZ3;
				GENERATE_INFOPLIST_FILE = YES;
				MARKETING_VERSION = 1.0;
				PRODUCT_BUNDLE_IDENTIFIER = com.sledge.MediocreMinisterUITests;
				PRODUCT_NAME = "$(TARGET_NAME)";
				SWIFT_EMIT_LOC_STRINGS = NO;
				SWIFT_VERSION = 5.0;
				TARGETED_DEVICE_FAMILY = "1,2";
				TEST_TARGET_NAME = MediocreMinister;
			};
			name = Debug;
		};
		C9B4ED2328394E16007DFAA9 /* Release */ = {
			isa = XCBuildConfiguration;
			buildSettings = {
				ALWAYS_EMBED_SWIFT_STANDARD_LIBRARIES = YES;
				CODE_SIGN_STYLE = Automatic;
				CURRENT_PROJECT_VERSION = 1;
				DEVELOPMENT_TEAM = 7DR3W2SNZ3;
				GENERATE_INFOPLIST_FILE = YES;
				MARKETING_VERSION = 1.0;
				PRODUCT_BUNDLE_IDENTIFIER = com.sledge.MediocreMinisterUITests;
				PRODUCT_NAME = "$(TARGET_NAME)";
				SWIFT_EMIT_LOC_STRINGS = NO;
				SWIFT_VERSION = 5.0;
				TARGETED_DEVICE_FAMILY = "1,2";
				TEST_TARGET_NAME = MediocreMinister;
			};
			name = Release;
		};
/* End XCBuildConfiguration section */

/* Begin XCConfigurationList section */
		C9B4ECF228394E15007DFAA9 /* Build configuration list for PBXProject "MediocreMinister" */ = {
			isa = XCConfigurationList;
			buildConfigurations = (
				C9B4ED1928394E16007DFAA9 /* Debug */,
				C9B4ED1A28394E16007DFAA9 /* Release */,
			);
			defaultConfigurationIsVisible = 0;
			defaultConfigurationName = Release;
		};
		C9B4ED1B28394E16007DFAA9 /* Build configuration list for PBXNativeTarget "MediocreMinister" */ = {
			isa = XCConfigurationList;
			buildConfigurations = (
				C9B4ED1C28394E16007DFAA9 /* Debug */,
				C9B4ED1D28394E16007DFAA9 /* Release */,
			);
			defaultConfigurationIsVisible = 0;
			defaultConfigurationName = Release;
		};
		C9B4ED1E28394E16007DFAA9 /* Build configuration list for PBXNativeTarget "MediocreMinisterTests" */ = {
			isa = XCConfigurationList;
			buildConfigurations = (
				C9B4ED1F28394E16007DFAA9 /* Debug */,
				C9B4ED2028394E16007DFAA9 /* Release */,
			);
			defaultConfigurationIsVisible = 0;
			defaultConfigurationName = Release;
		};
		C9B4ED2128394E16007DFAA9 /* Build configuration list for PBXNativeTarget "MediocreMinisterUITests" */ = {
			isa = XCConfigurationList;
			buildConfigurations = (
				C9B4ED2228394E16007DFAA9 /* Debug */,
				C9B4ED2328394E16007DFAA9 /* Release */,
			);
			defaultConfigurationIsVisible = 0;
			defaultConfigurationName = Release;
		};
/* End XCConfigurationList section */
	};
	rootObject = C9B4ECEF28394E15007DFAA9 /* Project object */;
}
